
Microsoft Visual Studio Solution File, Format Version 12.00
# Visual Studio 15
VisualStudioVersion = 15.0.28010.2026
MinimumVisualStudioVersion = 10.0.40219.1
Project("{FAE04EC0-301F-11D3-BF4B-00C04F79EFBC}") = "Product of Array Except Self", "Product of Array Except Self\Product of Array Except Self.csproj", "{F7A9439D-0332-445A-965C-A6646DE174BB}"
EndProject
Project("{FAE04EC0-301F-11D3-BF4B-00C04F79EFBC}") = "Add Two Numbers_Recursive", "Add Two Numbers\Add Two Numbers_Recursive.csproj", "{65CBE0CC-5672-4A84-AB12-5B5260A74323}"
EndProject
Project("{FAE04EC0-301F-11D3-BF4B-00C04F79EFBC}") = "First Unique Character in a String", "First Unique Character in a String\First Unique Character in a String.csproj", "{2C930A51-E9CD-4AAF-9AFB-C70588C58FA3}"
EndProject
Project("{FAE04EC0-301F-11D3-BF4B-00C04F79EFBC}") = "Reverse Words in a String II", "Reverse Words in a String II\Reverse Words in a String II.csproj", "{16EB9B4A-1FAF-4B02-A627-3F66A848CA69}"
EndProject
Project("{FAE04EC0-301F-11D3-BF4B-00C04F79EFBC}") = "Two Sum", "Two Sum\Two Sum.csproj", "{4329D8A4-B4F0-4533-B75B-67657BE2D2F9}"
EndProject
Project("{FAE04EC0-301F-11D3-BF4B-00C04F79EFBC}") = "Merge k Sorted Lists", "Merge k Sorted Lists\Merge k Sorted Lists.csproj", "{2A664A56-671E-4DA4-AFFF-515EFC49E98C}"
EndProject
Project("{FAE04EC0-301F-11D3-BF4B-00C04F79EFBC}") = "Kth Largest Element in an Array", "Kth Largest Element in an Array\Kth Largest Element in an Array.csproj", "{A8371CEE-C4F9-4487-BEAD-DC935F91CF92}"
EndProject
Project("{FAE04EC0-301F-11D3-BF4B-00C04F79EFBC}") = "Number of Islands", "Number of Islands\Number of Islands.csproj", "{194003F1-BBDE-4C22-9396-7927BC8C9D2B}"
EndProject
Project("{FAE04EC0-301F-11D3-BF4B-00C04F79EFBC}") = "Prime Number of Set Bits in Binary Representation", "Prime Number of Set Bits in Binary Representation\Prime Number of Set Bits in Binary Representation.csproj", "{18D35CC7-15F4-4E8A-BFEE-1A8B195C5CB7}"
EndProject
Project("{FAE04EC0-301F-11D3-BF4B-00C04F79EFBC}") = "Maximum Length of Pair Chain", "Maximum Length of Pair Chain\Maximum Length of Pair Chain.csproj", "{C624B2DE-B2F7-4DD8-81E1-0C7206DC0196}"
EndProject
Project("{FAE04EC0-301F-11D3-BF4B-00C04F79EFBC}") = "Compare Version Numbers", "Compare Version Numbers\Compare Version Numbers.csproj", "{EB6A28D2-2ADE-42D5-A2DB-6B3B2EDE3BA9}"
EndProject
Global
	GlobalSection(SolutionConfigurationPlatforms) = preSolution
		Debug|Any CPU = Debug|Any CPU
		Release|Any CPU = Release|Any CPU
	EndGlobalSection
	GlobalSection(ProjectConfigurationPlatforms) = postSolution
		{F7A9439D-0332-445A-965C-A6646DE174BB}.Debug|Any CPU.ActiveCfg = Debug|Any CPU
		{F7A9439D-0332-445A-965C-A6646DE174BB}.Debug|Any CPU.Build.0 = Debug|Any CPU
		{F7A9439D-0332-445A-965C-A6646DE174BB}.Release|Any CPU.ActiveCfg = Release|Any CPU
		{F7A9439D-0332-445A-965C-A6646DE174BB}.Release|Any CPU.Build.0 = Release|Any CPU
		{65CBE0CC-5672-4A84-AB12-5B5260A74323}.Debug|Any CPU.ActiveCfg = Debug|Any CPU
		{65CBE0CC-5672-4A84-AB12-5B5260A74323}.Debug|Any CPU.Build.0 = Debug|Any CPU
		{65CBE0CC-5672-4A84-AB12-5B5260A74323}.Release|Any CPU.ActiveCfg = Release|Any CPU
		{65CBE0CC-5672-4A84-AB12-5B5260A74323}.Release|Any CPU.Build.0 = Release|Any CPU
		{2C930A51-E9CD-4AAF-9AFB-C70588C58FA3}.Debug|Any CPU.ActiveCfg = Debug|Any CPU
		{2C930A51-E9CD-4AAF-9AFB-C70588C58FA3}.Debug|Any CPU.Build.0 = Debug|Any CPU
		{2C930A51-E9CD-4AAF-9AFB-C70588C58FA3}.Release|Any CPU.ActiveCfg = Release|Any CPU
		{2C930A51-E9CD-4AAF-9AFB-C70588C58FA3}.Release|Any CPU.Build.0 = Release|Any CPU
		{16EB9B4A-1FAF-4B02-A627-3F66A848CA69}.Debug|Any CPU.ActiveCfg = Debug|Any CPU
		{16EB9B4A-1FAF-4B02-A627-3F66A848CA69}.Debug|Any CPU.Build.0 = Debug|Any CPU
		{16EB9B4A-1FAF-4B02-A627-3F66A848CA69}.Release|Any CPU.ActiveCfg = Release|Any CPU
		{16EB9B4A-1FAF-4B02-A627-3F66A848CA69}.Release|Any CPU.Build.0 = Release|Any CPU
		{4329D8A4-B4F0-4533-B75B-67657BE2D2F9}.Debug|Any CPU.ActiveCfg = Debug|Any CPU
		{4329D8A4-B4F0-4533-B75B-67657BE2D2F9}.Debug|Any CPU.Build.0 = Debug|Any CPU
		{4329D8A4-B4F0-4533-B75B-67657BE2D2F9}.Release|Any CPU.ActiveCfg = Release|Any CPU
		{4329D8A4-B4F0-4533-B75B-67657BE2D2F9}.Release|Any CPU.Build.0 = Release|Any CPU
		{2A664A56-671E-4DA4-AFFF-515EFC49E98C}.Debug|Any CPU.ActiveCfg = Debug|Any CPU
		{2A664A56-671E-4DA4-AFFF-515EFC49E98C}.Debug|Any CPU.Build.0 = Debug|Any CPU
		{2A664A56-671E-4DA4-AFFF-515EFC49E98C}.Release|Any CPU.ActiveCfg = Release|Any CPU
		{2A664A56-671E-4DA4-AFFF-515EFC49E98C}.Release|Any CPU.Build.0 = Release|Any CPU
		{A8371CEE-C4F9-4487-BEAD-DC935F91CF92}.Debug|Any CPU.ActiveCfg = Debug|Any CPU
		{A8371CEE-C4F9-4487-BEAD-DC935F91CF92}.Debug|Any CPU.Build.0 = Debug|Any CPU
		{A8371CEE-C4F9-4487-BEAD-DC935F91CF92}.Release|Any CPU.ActiveCfg = Release|Any CPU
		{A8371CEE-C4F9-4487-BEAD-DC935F91CF92}.Release|Any CPU.Build.0 = Release|Any CPU
		{194003F1-BBDE-4C22-9396-7927BC8C9D2B}.Debug|Any CPU.ActiveCfg = Debug|Any CPU
		{194003F1-BBDE-4C22-9396-7927BC8C9D2B}.Debug|Any CPU.Build.0 = Debug|Any CPU
		{194003F1-BBDE-4C22-9396-7927BC8C9D2B}.Release|Any CPU.ActiveCfg = Release|Any CPU
		{194003F1-BBDE-4C22-9396-7927BC8C9D2B}.Release|Any CPU.Build.0 = Release|Any CPU
		{18D35CC7-15F4-4E8A-BFEE-1A8B195C5CB7}.Debug|Any CPU.ActiveCfg = Debug|Any CPU
		{18D35CC7-15F4-4E8A-BFEE-1A8B195C5CB7}.Debug|Any CPU.Build.0 = Debug|Any CPU
		{18D35CC7-15F4-4E8A-BFEE-1A8B195C5CB7}.Release|Any CPU.ActiveCfg = Release|Any CPU
		{18D35CC7-15F4-4E8A-BFEE-1A8B195C5CB7}.Release|Any CPU.Build.0 = Release|Any CPU
		{C624B2DE-B2F7-4DD8-81E1-0C7206DC0196}.Debug|Any CPU.ActiveCfg = Debug|Any CPU
		{C624B2DE-B2F7-4DD8-81E1-0C7206DC0196}.Debug|Any CPU.Build.0 = Debug|Any CPU
		{C624B2DE-B2F7-4DD8-81E1-0C7206DC0196}.Release|Any CPU.ActiveCfg = Release|Any CPU
		{C624B2DE-B2F7-4DD8-81E1-0C7206DC0196}.Release|Any CPU.Build.0 = Release|Any CPU
		{EB6A28D2-2ADE-42D5-A2DB-6B3B2EDE3BA9}.Debug|Any CPU.ActiveCfg = Debug|Any CPU
		{EB6A28D2-2ADE-42D5-A2DB-6B3B2EDE3BA9}.Debug|Any CPU.Build.0 = Debug|Any CPU
		{EB6A28D2-2ADE-42D5-A2DB-6B3B2EDE3BA9}.Release|Any CPU.ActiveCfg = Release|Any CPU
		{EB6A28D2-2ADE-42D5-A2DB-6B3B2EDE3BA9}.Release|Any CPU.Build.0 = Release|Any CPU
	EndGlobalSection
	GlobalSection(SolutionProperties) = preSolution
		HideSolutionNode = FALSE
	EndGlobalSection
	GlobalSection(ExtensibilityGlobals) = postSolution
		SolutionGuid = {70C4C234-03E5-41C2-AB54-D44FFDDDFB2D}
	EndGlobalSection
EndGlobal
