
Microsoft Visual Studio Solution File, Format Version 12.00
# Visual Studio 15
VisualStudioVersion = 15.0.28010.2026
MinimumVisualStudioVersion = 10.0.40219.1
Project("{FAE04EC0-301F-11D3-BF4B-00C04F79EFBC}") = "Product of Array Except Self", "Product of Array Except Self\Product of Array Except Self.csproj", "{F7A9439D-0332-445A-965C-A6646DE174BB}"
EndProject
Project("{FAE04EC0-301F-11D3-BF4B-00C04F79EFBC}") = "Add Two Numbers_Recursive", "Add Two Numbers\Add Two Numbers_Recursive.csproj", "{65CBE0CC-5672-4A84-AB12-5B5260A74323}"
EndProject
Project("{FAE04EC0-301F-11D3-BF4B-00C04F79EFBC}") = "First Unique Character in a String", "First Unique Character in a String\First Unique Character in a String.csproj", "{2C930A51-E9CD-4AAF-9AFB-C70588C58FA3}"
EndProject
Project("{FAE04EC0-301F-11D3-BF4B-00C04F79EFBC}") = "Reverse Words in a String II", "Reverse Words in a String II\Reverse Words in a String II.csproj", "{16EB9B4A-1FAF-4B02-A627-3F66A848CA69}"
EndProject
Project("{FAE04EC0-301F-11D3-BF4B-00C04F79EFBC}") = "Two Sum", "Two Sum\Two Sum.csproj", "{4329D8A4-B4F0-4533-B75B-67657BE2D2F9}"
EndProject
Project("{FAE04EC0-301F-11D3-BF4B-00C04F79EFBC}") = "Merge k Sorted Lists", "Merge k Sorted Lists\Merge k Sorted Lists.csproj", "{2A664A56-671E-4DA4-AFFF-515EFC49E98C}"
EndProject
Project("{FAE04EC0-301F-11D3-BF4B-00C04F79EFBC}") = "Kth Largest Element in an Array", "Kth Largest Element in an Array\Kth Largest Element in an Array.csproj", "{A8371CEE-C4F9-4487-BEAD-DC935F91CF92}"
EndProject
Project("{FAE04EC0-301F-11D3-BF4B-00C04F79EFBC}") = "Number of Islands", "Number of Islands\Number of Islands.csproj", "{194003F1-BBDE-4C22-9396-7927BC8C9D2B}"
EndProject
Project("{FAE04EC0-301F-11D3-BF4B-00C04F79EFBC}") = "Prime Number of Set Bits in Binary Representation", "Prime Number of Set Bits in Binary Representation\Prime Number of Set Bits in Binary Representation.csproj", "{18D35CC7-15F4-4E8A-BFEE-1A8B195C5CB7}"
EndProject
Project("{FAE04EC0-301F-11D3-BF4B-00C04F79EFBC}") = "Maximum Length of Pair Chain", "Maximum Length of Pair Chain\Maximum Length of Pair Chain.csproj", "{C624B2DE-B2F7-4DD8-81E1-0C7206DC0196}"
EndProject
Project("{FAE04EC0-301F-11D3-BF4B-00C04F79EFBC}") = "Compare Version Numbers", "Compare Version Numbers\Compare Version Numbers.csproj", "{EB6A28D2-2ADE-42D5-A2DB-6B3B2EDE3BA9}"
EndProject
Project("{FAE04EC0-301F-11D3-BF4B-00C04F79EFBC}") = "Integer to English Words", "Integer to English Words\Integer to English Words.csproj", "{58A50B64-57CF-4706-AD36-6EC0A57E319D}"
EndProject
Project("{FAE04EC0-301F-11D3-BF4B-00C04F79EFBC}") = "Longest Palindromic Substring", "Longest Palindromic Substring\Longest Palindromic Substring.csproj", "{072CE7F1-E26B-4C1F-BB3C-DFB274DE2C1E}"
EndProject
Project("{FAE04EC0-301F-11D3-BF4B-00C04F79EFBC}") = "Validate Binary Search Tree", "Validate Binary Search Tree\Validate Binary Search Tree.csproj", "{C391AFFA-A437-4156-8E87-E0433A7AD0E0}"
EndProject
Project("{FAE04EC0-301F-11D3-BF4B-00C04F79EFBC}") = "Amazon1", "Amazon1\Amazon1.csproj", "{9435B5D7-FEF3-4E31-8E96-2CE0C6244862}"
EndProject
Project("{FAE04EC0-301F-11D3-BF4B-00C04F79EFBC}") = "Amazon2", "Amazon2\Amazon2.csproj", "{B7CFA170-8311-41FF-ABE6-BC7EA4CE6CF3}"
EndProject
Project("{FAE04EC0-301F-11D3-BF4B-00C04F79EFBC}") = "Binary Tree Preorder Traversal", "Binary Tree Preorder Traversal\Binary Tree Preorder Traversal.csproj", "{8941CA77-9524-4F9F-AA60-628C393BB01F}"
EndProject
Project("{FAE04EC0-301F-11D3-BF4B-00C04F79EFBC}") = "Binary Tree Inorder Traversal", "Binary Tree Inorder Traversal\Binary Tree Inorder Traversal.csproj", "{E9CF2705-92AA-4172-A862-1B7D194A4457}"
EndProject
Project("{FAE04EC0-301F-11D3-BF4B-00C04F79EFBC}") = "Binary Tree Postorder Traversal", "Binary Tree Postorder Traversal\Binary Tree Postorder Traversal.csproj", "{EEAC27CB-5E85-413C-AF4B-0B04EDAF1F75}"
EndProject
Project("{FAE04EC0-301F-11D3-BF4B-00C04F79EFBC}") = "Binary Tree Level Order Traversal", "Binary Tree Level Order Traversal\Binary Tree Level Order Traversal.csproj", "{AFA020C2-90E2-44C8-8A0F-F564C1F354F8}"
EndProject
Project("{FAE04EC0-301F-11D3-BF4B-00C04F79EFBC}") = "Maximum Depth of Binary Tree", "Maximum Depth of Binary Tree\Maximum Depth of Binary Tree.csproj", "{12962591-353C-4907-A5C6-B57AA832FC10}"
EndProject
Project("{2150E333-8FDC-42A3-9474-1A3956D46DE8}") = "BinaryTree", "BinaryTree", "{6326046A-4DD8-451E-9616-439CBC8BCAB7}"
EndProject
Project("{FAE04EC0-301F-11D3-BF4B-00C04F79EFBC}") = "Symmetric Tree", "Symmetric Tree\Symmetric Tree.csproj", "{ACBE8C96-353D-4735-861A-268B3AFFB72B}"
EndProject
Project("{FAE04EC0-301F-11D3-BF4B-00C04F79EFBC}") = "PathSum", "PathSum\PathSum.csproj", "{20C62080-94F2-49A0-90AA-F098AD7CD238}"
EndProject
Project("{FAE04EC0-301F-11D3-BF4B-00C04F79EFBC}") = "Count Univalue Subtrees", "Count Univalue Subtrees\Count Univalue Subtrees.csproj", "{590B4BEF-C53E-4888-8CA6-F46EEDEABCE4}"
EndProject
Project("{2150E333-8FDC-42A3-9474-1A3956D46DE8}") = "StackQueue", "StackQueue", "{53C7FE46-1EA3-444E-82C4-F1B1B006509F}"
EndProject
Project("{FAE04EC0-301F-11D3-BF4B-00C04F79EFBC}") = "WallAndGate", "WallAndGate\WallAndGate.csproj", "{44E19D33-AEAA-4F2A-9D96-28FC213EDE03}"
EndProject
Project("{FAE04EC0-301F-11D3-BF4B-00C04F79EFBC}") = "WallGateSecond", "WallGateSecond\WallGateSecond.csproj", "{FB9AB404-73B3-427E-895A-0A9067942AA2}"
EndProject
Project("{FAE04EC0-301F-11D3-BF4B-00C04F79EFBC}") = "ArraySample", "ArraySample\ArraySample.csproj", "{9467B6CE-5E19-47FA-9B56-DF35F8DAA76E}"
EndProject
Project("{FAE04EC0-301F-11D3-BF4B-00C04F79EFBC}") = "Valid Parentheses", "Valid Parentheses\Valid Parentheses.csproj", "{80E55C21-F613-4913-980E-92A569554761}"
EndProject
Project("{FAE04EC0-301F-11D3-BF4B-00C04F79EFBC}") = "Daily Temperatures", "Daily Temperatures\Daily Temperatures.csproj", "{54C89A9C-2C22-49FC-8683-87FDC8ACD63A}"
EndProject
Project("{FAE04EC0-301F-11D3-BF4B-00C04F79EFBC}") = "Evaluate Reverse Polish Notation", "Evaluate Reverse Polish Notation\Evaluate Reverse Polish Notation.csproj", "{1A716F85-EEB6-4684-A65F-1E106581D5D3}"
EndProject
Project("{FAE04EC0-301F-11D3-BF4B-00C04F79EFBC}") = "Decode String", "Decode String\Decode String.csproj", "{75766B71-5BB5-4BBD-9DD2-BA91C18D7E5B}"
EndProject
Project("{FAE04EC0-301F-11D3-BF4B-00C04F79EFBC}") = "PerfectSquare", "PerfectSquare\PerfectSquare.csproj", "{85BBEFCA-E5D4-424C-B493-A4D1A0ABED1A}"
EndProject
Project("{FAE04EC0-301F-11D3-BF4B-00C04F79EFBC}") = "Target Sum", "Target Sum\Target Sum.csproj", "{DDEC96C0-DF10-47F7-82AE-B0A4B504B54B}"
EndProject
Project("{FAE04EC0-301F-11D3-BF4B-00C04F79EFBC}") = "Maximum Size Subarray Sum Equals k", "Maximum Size Subarray Sum Equals k\Maximum Size Subarray Sum Equals k.csproj", "{B078E5DA-8999-4C91-BB88-A4DA5A5AF138}"
EndProject
Project("{FAE04EC0-301F-11D3-BF4B-00C04F79EFBC}") = "Intersection of Two Linked Lists", "Intersection of Two Linked Lists\Intersection of Two Linked Lists.csproj", "{5F4CCEB5-8313-4212-9D60-E6E04F7E0316}"
EndProject
Project("{FAE04EC0-301F-11D3-BF4B-00C04F79EFBC}") = "Sum Root to Leaf Numbers", "Sum Root to Leaf Numbers\Sum Root to Leaf Numbers.csproj", "{F28E3115-5ADF-4D55-AA1A-7EDD57C18771}"
EndProject
Project("{FAE04EC0-301F-11D3-BF4B-00C04F79EFBC}") = "Two Sum IV - Input is a BST", "Two Sum IV - Input is a BST\Two Sum IV - Input is a BST.csproj", "{39D946B4-2848-4A86-8B55-8BDE54268C9F}"
EndProject
Project("{FAE04EC0-301F-11D3-BF4B-00C04F79EFBC}") = "Subtree of Another Tree", "Subtree of Another Tree\Subtree of Another Tree.csproj", "{6AA6F164-5DE9-41DD-B12A-D2C0F6C936AC}"
EndProject
Project("{FAE04EC0-301F-11D3-BF4B-00C04F79EFBC}") = "Inorder Successor in BST", "Inorder Successor in BST\Inorder Successor in BST.csproj", "{0AE96AD8-6412-4DBC-AF4F-F12985495682}"
EndProject
Project("{FAE04EC0-301F-11D3-BF4B-00C04F79EFBC}") = "BFSDFS", "BFSDFS\BFSDFS.csproj", "{B6E728AD-09B7-4BD8-B762-1A2F4A53114A}"
EndProject
Project("{FAE04EC0-301F-11D3-BF4B-00C04F79EFBC}") = "MaximumSubArray", "MaximumSubArray\MaximumSubArray.csproj", "{790867B3-385D-4E6F-A368-BD2F1C4D4801}"
EndProject
Project("{FAE04EC0-301F-11D3-BF4B-00C04F79EFBC}") = "BestTime to Buy and Sell Stock", "BestTime to Buy and Sell Stock\BestTime to Buy and Sell Stock.csproj", "{ACFD8036-A304-4D5C-AE8A-DAB7577EE1DC}"
EndProject
Project("{FAE04EC0-301F-11D3-BF4B-00C04F79EFBC}") = "Binary Tree Vertical Order Traversal", "Binary Tree Vertical Order Traversal\Binary Tree Vertical Order Traversal.csproj", "{C19C9D41-59A7-48B5-B6EE-1556F013FDD3}"
EndProject
Project("{FAE04EC0-301F-11D3-BF4B-00C04F79EFBC}") = "LRUCache", "LRUCache\LRUCache.csproj", "{A2A560AA-77E8-4E55-8E99-5F8608991E1F}"
EndProject
Project("{FAE04EC0-301F-11D3-BF4B-00C04F79EFBC}") = "Word Ladder 2", "Word Ladder 2\Word Ladder 2.csproj", "{1F5F0D76-6CA9-4A24-A155-3172204A5546}"
EndProject
Project("{FAE04EC0-301F-11D3-BF4B-00C04F79EFBC}") = "SingleNumber", "SingleNumber\SingleNumber.csproj", "{9F8785E8-9FBA-480C-96F9-7B88D3383AF0}"
EndProject
Global
	GlobalSection(SolutionConfigurationPlatforms) = preSolution
		Debug|Any CPU = Debug|Any CPU
		Release|Any CPU = Release|Any CPU
	EndGlobalSection
	GlobalSection(ProjectConfigurationPlatforms) = postSolution
		{F7A9439D-0332-445A-965C-A6646DE174BB}.Debug|Any CPU.ActiveCfg = Debug|Any CPU
		{F7A9439D-0332-445A-965C-A6646DE174BB}.Debug|Any CPU.Build.0 = Debug|Any CPU
		{F7A9439D-0332-445A-965C-A6646DE174BB}.Release|Any CPU.ActiveCfg = Release|Any CPU
		{F7A9439D-0332-445A-965C-A6646DE174BB}.Release|Any CPU.Build.0 = Release|Any CPU
		{65CBE0CC-5672-4A84-AB12-5B5260A74323}.Debug|Any CPU.ActiveCfg = Debug|Any CPU
		{65CBE0CC-5672-4A84-AB12-5B5260A74323}.Debug|Any CPU.Build.0 = Debug|Any CPU
		{65CBE0CC-5672-4A84-AB12-5B5260A74323}.Release|Any CPU.ActiveCfg = Release|Any CPU
		{65CBE0CC-5672-4A84-AB12-5B5260A74323}.Release|Any CPU.Build.0 = Release|Any CPU
		{2C930A51-E9CD-4AAF-9AFB-C70588C58FA3}.Debug|Any CPU.ActiveCfg = Debug|Any CPU
		{2C930A51-E9CD-4AAF-9AFB-C70588C58FA3}.Debug|Any CPU.Build.0 = Debug|Any CPU
		{2C930A51-E9CD-4AAF-9AFB-C70588C58FA3}.Release|Any CPU.ActiveCfg = Release|Any CPU
		{2C930A51-E9CD-4AAF-9AFB-C70588C58FA3}.Release|Any CPU.Build.0 = Release|Any CPU
		{16EB9B4A-1FAF-4B02-A627-3F66A848CA69}.Debug|Any CPU.ActiveCfg = Debug|Any CPU
		{16EB9B4A-1FAF-4B02-A627-3F66A848CA69}.Debug|Any CPU.Build.0 = Debug|Any CPU
		{16EB9B4A-1FAF-4B02-A627-3F66A848CA69}.Release|Any CPU.ActiveCfg = Release|Any CPU
		{16EB9B4A-1FAF-4B02-A627-3F66A848CA69}.Release|Any CPU.Build.0 = Release|Any CPU
		{4329D8A4-B4F0-4533-B75B-67657BE2D2F9}.Debug|Any CPU.ActiveCfg = Debug|Any CPU
		{4329D8A4-B4F0-4533-B75B-67657BE2D2F9}.Debug|Any CPU.Build.0 = Debug|Any CPU
		{4329D8A4-B4F0-4533-B75B-67657BE2D2F9}.Release|Any CPU.ActiveCfg = Release|Any CPU
		{4329D8A4-B4F0-4533-B75B-67657BE2D2F9}.Release|Any CPU.Build.0 = Release|Any CPU
		{2A664A56-671E-4DA4-AFFF-515EFC49E98C}.Debug|Any CPU.ActiveCfg = Debug|Any CPU
		{2A664A56-671E-4DA4-AFFF-515EFC49E98C}.Debug|Any CPU.Build.0 = Debug|Any CPU
		{2A664A56-671E-4DA4-AFFF-515EFC49E98C}.Release|Any CPU.ActiveCfg = Release|Any CPU
		{2A664A56-671E-4DA4-AFFF-515EFC49E98C}.Release|Any CPU.Build.0 = Release|Any CPU
		{A8371CEE-C4F9-4487-BEAD-DC935F91CF92}.Debug|Any CPU.ActiveCfg = Debug|Any CPU
		{A8371CEE-C4F9-4487-BEAD-DC935F91CF92}.Debug|Any CPU.Build.0 = Debug|Any CPU
		{A8371CEE-C4F9-4487-BEAD-DC935F91CF92}.Release|Any CPU.ActiveCfg = Release|Any CPU
		{A8371CEE-C4F9-4487-BEAD-DC935F91CF92}.Release|Any CPU.Build.0 = Release|Any CPU
		{194003F1-BBDE-4C22-9396-7927BC8C9D2B}.Debug|Any CPU.ActiveCfg = Debug|Any CPU
		{194003F1-BBDE-4C22-9396-7927BC8C9D2B}.Debug|Any CPU.Build.0 = Debug|Any CPU
		{194003F1-BBDE-4C22-9396-7927BC8C9D2B}.Release|Any CPU.ActiveCfg = Release|Any CPU
		{194003F1-BBDE-4C22-9396-7927BC8C9D2B}.Release|Any CPU.Build.0 = Release|Any CPU
		{18D35CC7-15F4-4E8A-BFEE-1A8B195C5CB7}.Debug|Any CPU.ActiveCfg = Debug|Any CPU
		{18D35CC7-15F4-4E8A-BFEE-1A8B195C5CB7}.Debug|Any CPU.Build.0 = Debug|Any CPU
		{18D35CC7-15F4-4E8A-BFEE-1A8B195C5CB7}.Release|Any CPU.ActiveCfg = Release|Any CPU
		{18D35CC7-15F4-4E8A-BFEE-1A8B195C5CB7}.Release|Any CPU.Build.0 = Release|Any CPU
		{C624B2DE-B2F7-4DD8-81E1-0C7206DC0196}.Debug|Any CPU.ActiveCfg = Debug|Any CPU
		{C624B2DE-B2F7-4DD8-81E1-0C7206DC0196}.Debug|Any CPU.Build.0 = Debug|Any CPU
		{C624B2DE-B2F7-4DD8-81E1-0C7206DC0196}.Release|Any CPU.ActiveCfg = Release|Any CPU
		{C624B2DE-B2F7-4DD8-81E1-0C7206DC0196}.Release|Any CPU.Build.0 = Release|Any CPU
		{EB6A28D2-2ADE-42D5-A2DB-6B3B2EDE3BA9}.Debug|Any CPU.ActiveCfg = Debug|Any CPU
		{EB6A28D2-2ADE-42D5-A2DB-6B3B2EDE3BA9}.Debug|Any CPU.Build.0 = Debug|Any CPU
		{EB6A28D2-2ADE-42D5-A2DB-6B3B2EDE3BA9}.Release|Any CPU.ActiveCfg = Release|Any CPU
		{EB6A28D2-2ADE-42D5-A2DB-6B3B2EDE3BA9}.Release|Any CPU.Build.0 = Release|Any CPU
		{58A50B64-57CF-4706-AD36-6EC0A57E319D}.Debug|Any CPU.ActiveCfg = Debug|Any CPU
		{58A50B64-57CF-4706-AD36-6EC0A57E319D}.Debug|Any CPU.Build.0 = Debug|Any CPU
		{58A50B64-57CF-4706-AD36-6EC0A57E319D}.Release|Any CPU.ActiveCfg = Release|Any CPU
		{58A50B64-57CF-4706-AD36-6EC0A57E319D}.Release|Any CPU.Build.0 = Release|Any CPU
		{072CE7F1-E26B-4C1F-BB3C-DFB274DE2C1E}.Debug|Any CPU.ActiveCfg = Debug|Any CPU
		{072CE7F1-E26B-4C1F-BB3C-DFB274DE2C1E}.Debug|Any CPU.Build.0 = Debug|Any CPU
		{072CE7F1-E26B-4C1F-BB3C-DFB274DE2C1E}.Release|Any CPU.ActiveCfg = Release|Any CPU
		{072CE7F1-E26B-4C1F-BB3C-DFB274DE2C1E}.Release|Any CPU.Build.0 = Release|Any CPU
		{C391AFFA-A437-4156-8E87-E0433A7AD0E0}.Debug|Any CPU.ActiveCfg = Debug|Any CPU
		{C391AFFA-A437-4156-8E87-E0433A7AD0E0}.Debug|Any CPU.Build.0 = Debug|Any CPU
		{C391AFFA-A437-4156-8E87-E0433A7AD0E0}.Release|Any CPU.ActiveCfg = Release|Any CPU
		{C391AFFA-A437-4156-8E87-E0433A7AD0E0}.Release|Any CPU.Build.0 = Release|Any CPU
		{9435B5D7-FEF3-4E31-8E96-2CE0C6244862}.Debug|Any CPU.ActiveCfg = Debug|Any CPU
		{9435B5D7-FEF3-4E31-8E96-2CE0C6244862}.Debug|Any CPU.Build.0 = Debug|Any CPU
		{9435B5D7-FEF3-4E31-8E96-2CE0C6244862}.Release|Any CPU.ActiveCfg = Release|Any CPU
		{9435B5D7-FEF3-4E31-8E96-2CE0C6244862}.Release|Any CPU.Build.0 = Release|Any CPU
		{B7CFA170-8311-41FF-ABE6-BC7EA4CE6CF3}.Debug|Any CPU.ActiveCfg = Debug|Any CPU
		{B7CFA170-8311-41FF-ABE6-BC7EA4CE6CF3}.Debug|Any CPU.Build.0 = Debug|Any CPU
		{B7CFA170-8311-41FF-ABE6-BC7EA4CE6CF3}.Release|Any CPU.ActiveCfg = Release|Any CPU
		{B7CFA170-8311-41FF-ABE6-BC7EA4CE6CF3}.Release|Any CPU.Build.0 = Release|Any CPU
		{8941CA77-9524-4F9F-AA60-628C393BB01F}.Debug|Any CPU.ActiveCfg = Debug|Any CPU
		{8941CA77-9524-4F9F-AA60-628C393BB01F}.Debug|Any CPU.Build.0 = Debug|Any CPU
		{8941CA77-9524-4F9F-AA60-628C393BB01F}.Release|Any CPU.ActiveCfg = Release|Any CPU
		{8941CA77-9524-4F9F-AA60-628C393BB01F}.Release|Any CPU.Build.0 = Release|Any CPU
		{E9CF2705-92AA-4172-A862-1B7D194A4457}.Debug|Any CPU.ActiveCfg = Debug|Any CPU
		{E9CF2705-92AA-4172-A862-1B7D194A4457}.Debug|Any CPU.Build.0 = Debug|Any CPU
		{E9CF2705-92AA-4172-A862-1B7D194A4457}.Release|Any CPU.ActiveCfg = Release|Any CPU
		{E9CF2705-92AA-4172-A862-1B7D194A4457}.Release|Any CPU.Build.0 = Release|Any CPU
		{EEAC27CB-5E85-413C-AF4B-0B04EDAF1F75}.Debug|Any CPU.ActiveCfg = Debug|Any CPU
		{EEAC27CB-5E85-413C-AF4B-0B04EDAF1F75}.Debug|Any CPU.Build.0 = Debug|Any CPU
		{EEAC27CB-5E85-413C-AF4B-0B04EDAF1F75}.Release|Any CPU.ActiveCfg = Release|Any CPU
		{EEAC27CB-5E85-413C-AF4B-0B04EDAF1F75}.Release|Any CPU.Build.0 = Release|Any CPU
		{AFA020C2-90E2-44C8-8A0F-F564C1F354F8}.Debug|Any CPU.ActiveCfg = Debug|Any CPU
		{AFA020C2-90E2-44C8-8A0F-F564C1F354F8}.Debug|Any CPU.Build.0 = Debug|Any CPU
		{AFA020C2-90E2-44C8-8A0F-F564C1F354F8}.Release|Any CPU.ActiveCfg = Release|Any CPU
		{AFA020C2-90E2-44C8-8A0F-F564C1F354F8}.Release|Any CPU.Build.0 = Release|Any CPU
		{12962591-353C-4907-A5C6-B57AA832FC10}.Debug|Any CPU.ActiveCfg = Debug|Any CPU
		{12962591-353C-4907-A5C6-B57AA832FC10}.Debug|Any CPU.Build.0 = Debug|Any CPU
		{12962591-353C-4907-A5C6-B57AA832FC10}.Release|Any CPU.ActiveCfg = Release|Any CPU
		{12962591-353C-4907-A5C6-B57AA832FC10}.Release|Any CPU.Build.0 = Release|Any CPU
		{ACBE8C96-353D-4735-861A-268B3AFFB72B}.Debug|Any CPU.ActiveCfg = Debug|Any CPU
		{ACBE8C96-353D-4735-861A-268B3AFFB72B}.Debug|Any CPU.Build.0 = Debug|Any CPU
		{ACBE8C96-353D-4735-861A-268B3AFFB72B}.Release|Any CPU.ActiveCfg = Release|Any CPU
		{ACBE8C96-353D-4735-861A-268B3AFFB72B}.Release|Any CPU.Build.0 = Release|Any CPU
		{20C62080-94F2-49A0-90AA-F098AD7CD238}.Debug|Any CPU.ActiveCfg = Debug|Any CPU
		{20C62080-94F2-49A0-90AA-F098AD7CD238}.Debug|Any CPU.Build.0 = Debug|Any CPU
		{20C62080-94F2-49A0-90AA-F098AD7CD238}.Release|Any CPU.ActiveCfg = Release|Any CPU
		{20C62080-94F2-49A0-90AA-F098AD7CD238}.Release|Any CPU.Build.0 = Release|Any CPU
		{590B4BEF-C53E-4888-8CA6-F46EEDEABCE4}.Debug|Any CPU.ActiveCfg = Debug|Any CPU
		{590B4BEF-C53E-4888-8CA6-F46EEDEABCE4}.Debug|Any CPU.Build.0 = Debug|Any CPU
		{590B4BEF-C53E-4888-8CA6-F46EEDEABCE4}.Release|Any CPU.ActiveCfg = Release|Any CPU
		{590B4BEF-C53E-4888-8CA6-F46EEDEABCE4}.Release|Any CPU.Build.0 = Release|Any CPU
		{44E19D33-AEAA-4F2A-9D96-28FC213EDE03}.Debug|Any CPU.ActiveCfg = Debug|Any CPU
		{44E19D33-AEAA-4F2A-9D96-28FC213EDE03}.Debug|Any CPU.Build.0 = Debug|Any CPU
		{44E19D33-AEAA-4F2A-9D96-28FC213EDE03}.Release|Any CPU.ActiveCfg = Release|Any CPU
		{44E19D33-AEAA-4F2A-9D96-28FC213EDE03}.Release|Any CPU.Build.0 = Release|Any CPU
		{FB9AB404-73B3-427E-895A-0A9067942AA2}.Debug|Any CPU.ActiveCfg = Debug|Any CPU
		{FB9AB404-73B3-427E-895A-0A9067942AA2}.Debug|Any CPU.Build.0 = Debug|Any CPU
		{FB9AB404-73B3-427E-895A-0A9067942AA2}.Release|Any CPU.ActiveCfg = Release|Any CPU
		{FB9AB404-73B3-427E-895A-0A9067942AA2}.Release|Any CPU.Build.0 = Release|Any CPU
		{9467B6CE-5E19-47FA-9B56-DF35F8DAA76E}.Debug|Any CPU.ActiveCfg = Debug|Any CPU
		{9467B6CE-5E19-47FA-9B56-DF35F8DAA76E}.Debug|Any CPU.Build.0 = Debug|Any CPU
		{9467B6CE-5E19-47FA-9B56-DF35F8DAA76E}.Release|Any CPU.ActiveCfg = Release|Any CPU
		{9467B6CE-5E19-47FA-9B56-DF35F8DAA76E}.Release|Any CPU.Build.0 = Release|Any CPU
		{80E55C21-F613-4913-980E-92A569554761}.Debug|Any CPU.ActiveCfg = Debug|Any CPU
		{80E55C21-F613-4913-980E-92A569554761}.Debug|Any CPU.Build.0 = Debug|Any CPU
		{80E55C21-F613-4913-980E-92A569554761}.Release|Any CPU.ActiveCfg = Release|Any CPU
		{80E55C21-F613-4913-980E-92A569554761}.Release|Any CPU.Build.0 = Release|Any CPU
		{54C89A9C-2C22-49FC-8683-87FDC8ACD63A}.Debug|Any CPU.ActiveCfg = Debug|Any CPU
		{54C89A9C-2C22-49FC-8683-87FDC8ACD63A}.Debug|Any CPU.Build.0 = Debug|Any CPU
		{54C89A9C-2C22-49FC-8683-87FDC8ACD63A}.Release|Any CPU.ActiveCfg = Release|Any CPU
		{54C89A9C-2C22-49FC-8683-87FDC8ACD63A}.Release|Any CPU.Build.0 = Release|Any CPU
		{1A716F85-EEB6-4684-A65F-1E106581D5D3}.Debug|Any CPU.ActiveCfg = Debug|Any CPU
		{1A716F85-EEB6-4684-A65F-1E106581D5D3}.Debug|Any CPU.Build.0 = Debug|Any CPU
		{1A716F85-EEB6-4684-A65F-1E106581D5D3}.Release|Any CPU.ActiveCfg = Release|Any CPU
		{1A716F85-EEB6-4684-A65F-1E106581D5D3}.Release|Any CPU.Build.0 = Release|Any CPU
		{75766B71-5BB5-4BBD-9DD2-BA91C18D7E5B}.Debug|Any CPU.ActiveCfg = Debug|Any CPU
		{75766B71-5BB5-4BBD-9DD2-BA91C18D7E5B}.Debug|Any CPU.Build.0 = Debug|Any CPU
		{75766B71-5BB5-4BBD-9DD2-BA91C18D7E5B}.Release|Any CPU.ActiveCfg = Release|Any CPU
		{75766B71-5BB5-4BBD-9DD2-BA91C18D7E5B}.Release|Any CPU.Build.0 = Release|Any CPU
		{85BBEFCA-E5D4-424C-B493-A4D1A0ABED1A}.Debug|Any CPU.ActiveCfg = Debug|Any CPU
		{85BBEFCA-E5D4-424C-B493-A4D1A0ABED1A}.Debug|Any CPU.Build.0 = Debug|Any CPU
		{85BBEFCA-E5D4-424C-B493-A4D1A0ABED1A}.Release|Any CPU.ActiveCfg = Release|Any CPU
		{85BBEFCA-E5D4-424C-B493-A4D1A0ABED1A}.Release|Any CPU.Build.0 = Release|Any CPU
		{DDEC96C0-DF10-47F7-82AE-B0A4B504B54B}.Debug|Any CPU.ActiveCfg = Debug|Any CPU
		{DDEC96C0-DF10-47F7-82AE-B0A4B504B54B}.Debug|Any CPU.Build.0 = Debug|Any CPU
		{DDEC96C0-DF10-47F7-82AE-B0A4B504B54B}.Release|Any CPU.ActiveCfg = Release|Any CPU
		{DDEC96C0-DF10-47F7-82AE-B0A4B504B54B}.Release|Any CPU.Build.0 = Release|Any CPU
		{B078E5DA-8999-4C91-BB88-A4DA5A5AF138}.Debug|Any CPU.ActiveCfg = Debug|Any CPU
		{B078E5DA-8999-4C91-BB88-A4DA5A5AF138}.Debug|Any CPU.Build.0 = Debug|Any CPU
		{B078E5DA-8999-4C91-BB88-A4DA5A5AF138}.Release|Any CPU.ActiveCfg = Release|Any CPU
		{B078E5DA-8999-4C91-BB88-A4DA5A5AF138}.Release|Any CPU.Build.0 = Release|Any CPU
		{5F4CCEB5-8313-4212-9D60-E6E04F7E0316}.Debug|Any CPU.ActiveCfg = Debug|Any CPU
		{5F4CCEB5-8313-4212-9D60-E6E04F7E0316}.Debug|Any CPU.Build.0 = Debug|Any CPU
		{5F4CCEB5-8313-4212-9D60-E6E04F7E0316}.Release|Any CPU.ActiveCfg = Release|Any CPU
		{5F4CCEB5-8313-4212-9D60-E6E04F7E0316}.Release|Any CPU.Build.0 = Release|Any CPU
		{F28E3115-5ADF-4D55-AA1A-7EDD57C18771}.Debug|Any CPU.ActiveCfg = Debug|Any CPU
		{F28E3115-5ADF-4D55-AA1A-7EDD57C18771}.Debug|Any CPU.Build.0 = Debug|Any CPU
		{F28E3115-5ADF-4D55-AA1A-7EDD57C18771}.Release|Any CPU.ActiveCfg = Release|Any CPU
		{F28E3115-5ADF-4D55-AA1A-7EDD57C18771}.Release|Any CPU.Build.0 = Release|Any CPU
		{39D946B4-2848-4A86-8B55-8BDE54268C9F}.Debug|Any CPU.ActiveCfg = Debug|Any CPU
		{39D946B4-2848-4A86-8B55-8BDE54268C9F}.Debug|Any CPU.Build.0 = Debug|Any CPU
		{39D946B4-2848-4A86-8B55-8BDE54268C9F}.Release|Any CPU.ActiveCfg = Release|Any CPU
		{39D946B4-2848-4A86-8B55-8BDE54268C9F}.Release|Any CPU.Build.0 = Release|Any CPU
		{6AA6F164-5DE9-41DD-B12A-D2C0F6C936AC}.Debug|Any CPU.ActiveCfg = Debug|Any CPU
		{6AA6F164-5DE9-41DD-B12A-D2C0F6C936AC}.Debug|Any CPU.Build.0 = Debug|Any CPU
		{6AA6F164-5DE9-41DD-B12A-D2C0F6C936AC}.Release|Any CPU.ActiveCfg = Release|Any CPU
		{6AA6F164-5DE9-41DD-B12A-D2C0F6C936AC}.Release|Any CPU.Build.0 = Release|Any CPU
		{0AE96AD8-6412-4DBC-AF4F-F12985495682}.Debug|Any CPU.ActiveCfg = Debug|Any CPU
		{0AE96AD8-6412-4DBC-AF4F-F12985495682}.Debug|Any CPU.Build.0 = Debug|Any CPU
		{0AE96AD8-6412-4DBC-AF4F-F12985495682}.Release|Any CPU.ActiveCfg = Release|Any CPU
		{0AE96AD8-6412-4DBC-AF4F-F12985495682}.Release|Any CPU.Build.0 = Release|Any CPU
		{B6E728AD-09B7-4BD8-B762-1A2F4A53114A}.Debug|Any CPU.ActiveCfg = Debug|Any CPU
		{B6E728AD-09B7-4BD8-B762-1A2F4A53114A}.Debug|Any CPU.Build.0 = Debug|Any CPU
		{B6E728AD-09B7-4BD8-B762-1A2F4A53114A}.Release|Any CPU.ActiveCfg = Release|Any CPU
		{B6E728AD-09B7-4BD8-B762-1A2F4A53114A}.Release|Any CPU.Build.0 = Release|Any CPU
		{790867B3-385D-4E6F-A368-BD2F1C4D4801}.Debug|Any CPU.ActiveCfg = Debug|Any CPU
		{790867B3-385D-4E6F-A368-BD2F1C4D4801}.Debug|Any CPU.Build.0 = Debug|Any CPU
		{790867B3-385D-4E6F-A368-BD2F1C4D4801}.Release|Any CPU.ActiveCfg = Release|Any CPU
		{790867B3-385D-4E6F-A368-BD2F1C4D4801}.Release|Any CPU.Build.0 = Release|Any CPU
		{ACFD8036-A304-4D5C-AE8A-DAB7577EE1DC}.Debug|Any CPU.ActiveCfg = Debug|Any CPU
		{ACFD8036-A304-4D5C-AE8A-DAB7577EE1DC}.Debug|Any CPU.Build.0 = Debug|Any CPU
		{ACFD8036-A304-4D5C-AE8A-DAB7577EE1DC}.Release|Any CPU.ActiveCfg = Release|Any CPU
		{ACFD8036-A304-4D5C-AE8A-DAB7577EE1DC}.Release|Any CPU.Build.0 = Release|Any CPU
		{C19C9D41-59A7-48B5-B6EE-1556F013FDD3}.Debug|Any CPU.ActiveCfg = Debug|Any CPU
		{C19C9D41-59A7-48B5-B6EE-1556F013FDD3}.Debug|Any CPU.Build.0 = Debug|Any CPU
		{C19C9D41-59A7-48B5-B6EE-1556F013FDD3}.Release|Any CPU.ActiveCfg = Release|Any CPU
		{C19C9D41-59A7-48B5-B6EE-1556F013FDD3}.Release|Any CPU.Build.0 = Release|Any CPU
		{A2A560AA-77E8-4E55-8E99-5F8608991E1F}.Debug|Any CPU.ActiveCfg = Debug|Any CPU
		{A2A560AA-77E8-4E55-8E99-5F8608991E1F}.Debug|Any CPU.Build.0 = Debug|Any CPU
		{A2A560AA-77E8-4E55-8E99-5F8608991E1F}.Release|Any CPU.ActiveCfg = Release|Any CPU
		{A2A560AA-77E8-4E55-8E99-5F8608991E1F}.Release|Any CPU.Build.0 = Release|Any CPU
		{1F5F0D76-6CA9-4A24-A155-3172204A5546}.Debug|Any CPU.ActiveCfg = Debug|Any CPU
		{1F5F0D76-6CA9-4A24-A155-3172204A5546}.Debug|Any CPU.Build.0 = Debug|Any CPU
		{1F5F0D76-6CA9-4A24-A155-3172204A5546}.Release|Any CPU.ActiveCfg = Release|Any CPU
		{1F5F0D76-6CA9-4A24-A155-3172204A5546}.Release|Any CPU.Build.0 = Release|Any CPU
		{9F8785E8-9FBA-480C-96F9-7B88D3383AF0}.Debug|Any CPU.ActiveCfg = Debug|Any CPU
		{9F8785E8-9FBA-480C-96F9-7B88D3383AF0}.Debug|Any CPU.Build.0 = Debug|Any CPU
		{9F8785E8-9FBA-480C-96F9-7B88D3383AF0}.Release|Any CPU.ActiveCfg = Release|Any CPU
		{9F8785E8-9FBA-480C-96F9-7B88D3383AF0}.Release|Any CPU.Build.0 = Release|Any CPU
	EndGlobalSection
	GlobalSection(SolutionProperties) = preSolution
		HideSolutionNode = FALSE
	EndGlobalSection
	GlobalSection(NestedProjects) = preSolution
		{C391AFFA-A437-4156-8E87-E0433A7AD0E0} = {6326046A-4DD8-451E-9616-439CBC8BCAB7}
		{8941CA77-9524-4F9F-AA60-628C393BB01F} = {6326046A-4DD8-451E-9616-439CBC8BCAB7}
		{E9CF2705-92AA-4172-A862-1B7D194A4457} = {6326046A-4DD8-451E-9616-439CBC8BCAB7}
		{EEAC27CB-5E85-413C-AF4B-0B04EDAF1F75} = {6326046A-4DD8-451E-9616-439CBC8BCAB7}
		{AFA020C2-90E2-44C8-8A0F-F564C1F354F8} = {6326046A-4DD8-451E-9616-439CBC8BCAB7}
		{ACBE8C96-353D-4735-861A-268B3AFFB72B} = {6326046A-4DD8-451E-9616-439CBC8BCAB7}
		{20C62080-94F2-49A0-90AA-F098AD7CD238} = {6326046A-4DD8-451E-9616-439CBC8BCAB7}
		{590B4BEF-C53E-4888-8CA6-F46EEDEABCE4} = {6326046A-4DD8-451E-9616-439CBC8BCAB7}
		{44E19D33-AEAA-4F2A-9D96-28FC213EDE03} = {53C7FE46-1EA3-444E-82C4-F1B1B006509F}
		{FB9AB404-73B3-427E-895A-0A9067942AA2} = {53C7FE46-1EA3-444E-82C4-F1B1B006509F}
		{80E55C21-F613-4913-980E-92A569554761} = {53C7FE46-1EA3-444E-82C4-F1B1B006509F}
		{54C89A9C-2C22-49FC-8683-87FDC8ACD63A} = {53C7FE46-1EA3-444E-82C4-F1B1B006509F}
		{1A716F85-EEB6-4684-A65F-1E106581D5D3} = {53C7FE46-1EA3-444E-82C4-F1B1B006509F}
		{75766B71-5BB5-4BBD-9DD2-BA91C18D7E5B} = {53C7FE46-1EA3-444E-82C4-F1B1B006509F}
		{85BBEFCA-E5D4-424C-B493-A4D1A0ABED1A} = {53C7FE46-1EA3-444E-82C4-F1B1B006509F}
		{DDEC96C0-DF10-47F7-82AE-B0A4B504B54B} = {53C7FE46-1EA3-444E-82C4-F1B1B006509F}
		{F28E3115-5ADF-4D55-AA1A-7EDD57C18771} = {6326046A-4DD8-451E-9616-439CBC8BCAB7}
		{39D946B4-2848-4A86-8B55-8BDE54268C9F} = {6326046A-4DD8-451E-9616-439CBC8BCAB7}
		{6AA6F164-5DE9-41DD-B12A-D2C0F6C936AC} = {6326046A-4DD8-451E-9616-439CBC8BCAB7}
		{0AE96AD8-6412-4DBC-AF4F-F12985495682} = {6326046A-4DD8-451E-9616-439CBC8BCAB7}
		{B6E728AD-09B7-4BD8-B762-1A2F4A53114A} = {53C7FE46-1EA3-444E-82C4-F1B1B006509F}
		{790867B3-385D-4E6F-A368-BD2F1C4D4801} = {53C7FE46-1EA3-444E-82C4-F1B1B006509F}
		{C19C9D41-59A7-48B5-B6EE-1556F013FDD3} = {6326046A-4DD8-451E-9616-439CBC8BCAB7}
	EndGlobalSection
	GlobalSection(ExtensibilityGlobals) = postSolution
		SolutionGuid = {70C4C234-03E5-41C2-AB54-D44FFDDDFB2D}
	EndGlobalSection
EndGlobal
